// !$*UTF8*$!
{
	archiveVersion = 1;
	classes = {
	};
	objectVersion = 46;
	objects = {

/* Begin PBXBuildFile section */
		2928AD7B1F211AFA0050BBE8 /* MyTourTableViewCell.swift in Sources */ = {isa = PBXBuildFile; fileRef = 2928AD7A1F211AFA0050BBE8 /* MyTourTableViewCell.swift */; };
		2928AD841F21370B0050BBE8 /* AllToursViewController.swift in Sources */ = {isa = PBXBuildFile; fileRef = 2928AD831F21370B0050BBE8 /* AllToursViewController.swift */; };
		2928AD861F21372B0050BBE8 /* AllToursTableViewCell.swift in Sources */ = {isa = PBXBuildFile; fileRef = 2928AD851F21372B0050BBE8 /* AllToursTableViewCell.swift */; };
		2928AD881F21BE1E0050BBE8 /* ProfileViewController.swift in Sources */ = {isa = PBXBuildFile; fileRef = 2928AD871F21BE1E0050BBE8 /* ProfileViewController.swift */; };
		2960AD4D1F20ACAC000633ED /* LogInViewController.swift in Sources */ = {isa = PBXBuildFile; fileRef = 2960AD4C1F20ACAC000633ED /* LogInViewController.swift */; };
		2960AD4F1F20B209000633ED /* MyToursViewController.swift in Sources */ = {isa = PBXBuildFile; fileRef = 2960AD4E1F20B209000633ED /* MyToursViewController.swift */; };
		296C01C91F26300700B0624F /* ParentFirstViewController.swift in Sources */ = {isa = PBXBuildFile; fileRef = 296C01C81F26300700B0624F /* ParentFirstViewController.swift */; };
		296C01CB1F26301A00B0624F /* ParentSecondViewController.swift in Sources */ = {isa = PBXBuildFile; fileRef = 296C01CA1F26301A00B0624F /* ParentSecondViewController.swift */; };
		296C01CD1F2630A100B0624F /* DescriptionViewController.swift in Sources */ = {isa = PBXBuildFile; fileRef = 296C01CC1F2630A100B0624F /* DescriptionViewController.swift */; };
		296C01CF1F2630C000B0624F /* RecomendedViewController.swift in Sources */ = {isa = PBXBuildFile; fileRef = 296C01CE1F2630C000B0624F /* RecomendedViewController.swift */; };
		296C01D11F2630D100B0624F /* RecomendedTableViewCell.swift in Sources */ = {isa = PBXBuildFile; fileRef = 296C01D01F2630D100B0624F /* RecomendedTableViewCell.swift */; };
		29BED3591F2218CB004C3F87 /* MapViewController.swift in Sources */ = {isa = PBXBuildFile; fileRef = 29BED3581F2218CB004C3F87 /* MapViewController.swift */; };
		29BED35B1F221911004C3F87 /* UsersInTourViewController.swift in Sources */ = {isa = PBXBuildFile; fileRef = 29BED35A1F221911004C3F87 /* UsersInTourViewController.swift */; };
		29BED35D1F22192B004C3F87 /* UsersInTourTableViewCell.swift in Sources */ = {isa = PBXBuildFile; fileRef = 29BED35C1F22192B004C3F87 /* UsersInTourTableViewCell.swift */; };
		29DDB29B1F22308900C749BD /* Comment.swift in Sources */ = {isa = PBXBuildFile; fileRef = 29DDB29A1F22308900C749BD /* Comment.swift */; };
		29DDB29D1F2295A500C749BD /* TextFieldExtention.swift in Sources */ = {isa = PBXBuildFile; fileRef = 29DDB29C1F2295A500C749BD /* TextFieldExtention.swift */; };
		29F2B4D61F1FD384002448B5 /* AppDelegate.swift in Sources */ = {isa = PBXBuildFile; fileRef = 29F2B4D51F1FD384002448B5 /* AppDelegate.swift */; };
		29F2B4DB1F1FD384002448B5 /* Main.storyboard in Resources */ = {isa = PBXBuildFile; fileRef = 29F2B4D91F1FD384002448B5 /* Main.storyboard */; };
		29F2B4DE1F1FD384002448B5 /* TourProgect_1.xcdatamodeld in Sources */ = {isa = PBXBuildFile; fileRef = 29F2B4DC1F1FD384002448B5 /* TourProgect_1.xcdatamodeld */; };
		29F2B4E01F1FD384002448B5 /* Assets.xcassets in Resources */ = {isa = PBXBuildFile; fileRef = 29F2B4DF1F1FD384002448B5 /* Assets.xcassets */; };
		29F2B4E31F1FD384002448B5 /* LaunchScreen.storyboard in Resources */ = {isa = PBXBuildFile; fileRef = 29F2B4E11F1FD384002448B5 /* LaunchScreen.storyboard */; };
		29F2B4EB1F1FD3A1002448B5 /* Tours.swift in Sources */ = {isa = PBXBuildFile; fileRef = 29F2B4EA1F1FD3A1002448B5 /* Tours.swift */; };
		29F2B4ED1F1FD4E1002448B5 /* Event.swift in Sources */ = {isa = PBXBuildFile; fileRef = 29F2B4EC1F1FD4E1002448B5 /* Event.swift */; };
		29F2B4EF1F1FD56E002448B5 /* Tourist.swift in Sources */ = {isa = PBXBuildFile; fileRef = 29F2B4EE1F1FD56E002448B5 /* Tourist.swift */; };
		29F2B4F11F1FD5F0002448B5 /* Organisator.swift in Sources */ = {isa = PBXBuildFile; fileRef = 29F2B4F01F1FD5F0002448B5 /* Organisator.swift */; };
		84DAD11A1F23673100D40A81 /* DataModel.swift in Sources */ = {isa = PBXBuildFile; fileRef = 84DAD1191F23673100D40A81 /* DataModel.swift */; };
		A43504365437978A30BAF53F /* Pods_TourProgect_1.framework in Frameworks */ = {isa = PBXBuildFile; fileRef = 7EF70205499406A08BDC9718 /* Pods_TourProgect_1.framework */; };
/* End PBXBuildFile section */

/* Begin PBXFileReference section */
		2928AD7A1F211AFA0050BBE8 /* MyTourTableViewCell.swift */ = {isa = PBXFileReference; fileEncoding = 4; lastKnownFileType = sourcecode.swift; path = MyTourTableViewCell.swift; sourceTree = "<group>"; };
		2928AD831F21370B0050BBE8 /* AllToursViewController.swift */ = {isa = PBXFileReference; fileEncoding = 4; lastKnownFileType = sourcecode.swift; path = AllToursViewController.swift; sourceTree = "<group>"; };
		2928AD851F21372B0050BBE8 /* AllToursTableViewCell.swift */ = {isa = PBXFileReference; fileEncoding = 4; lastKnownFileType = sourcecode.swift; path = AllToursTableViewCell.swift; sourceTree = "<group>"; };
		2928AD871F21BE1E0050BBE8 /* ProfileViewController.swift */ = {isa = PBXFileReference; fileEncoding = 4; lastKnownFileType = sourcecode.swift; path = ProfileViewController.swift; sourceTree = "<group>"; };
		2960AD4C1F20ACAC000633ED /* LogInViewController.swift */ = {isa = PBXFileReference; fileEncoding = 4; lastKnownFileType = sourcecode.swift; path = LogInViewController.swift; sourceTree = "<group>"; };
		2960AD4E1F20B209000633ED /* MyToursViewController.swift */ = {isa = PBXFileReference; fileEncoding = 4; lastKnownFileType = sourcecode.swift; path = MyToursViewController.swift; sourceTree = "<group>"; };
		296C01C81F26300700B0624F /* ParentFirstViewController.swift */ = {isa = PBXFileReference; fileEncoding = 4; lastKnownFileType = sourcecode.swift; path = ParentFirstViewController.swift; sourceTree = "<group>"; };
		296C01CA1F26301A00B0624F /* ParentSecondViewController.swift */ = {isa = PBXFileReference; fileEncoding = 4; lastKnownFileType = sourcecode.swift; path = ParentSecondViewController.swift; sourceTree = "<group>"; };
		296C01CC1F2630A100B0624F /* DescriptionViewController.swift */ = {isa = PBXFileReference; fileEncoding = 4; lastKnownFileType = sourcecode.swift; path = DescriptionViewController.swift; sourceTree = "<group>"; };
		296C01CE1F2630C000B0624F /* RecomendedViewController.swift */ = {isa = PBXFileReference; fileEncoding = 4; lastKnownFileType = sourcecode.swift; path = RecomendedViewController.swift; sourceTree = "<group>"; };
		296C01D01F2630D100B0624F /* RecomendedTableViewCell.swift */ = {isa = PBXFileReference; fileEncoding = 4; lastKnownFileType = sourcecode.swift; path = RecomendedTableViewCell.swift; sourceTree = "<group>"; };
		29BED3581F2218CB004C3F87 /* MapViewController.swift */ = {isa = PBXFileReference; fileEncoding = 4; lastKnownFileType = sourcecode.swift; path = MapViewController.swift; sourceTree = "<group>"; };
		29BED35A1F221911004C3F87 /* UsersInTourViewController.swift */ = {isa = PBXFileReference; fileEncoding = 4; lastKnownFileType = sourcecode.swift; path = UsersInTourViewController.swift; sourceTree = "<group>"; };
		29BED35C1F22192B004C3F87 /* UsersInTourTableViewCell.swift */ = {isa = PBXFileReference; fileEncoding = 4; lastKnownFileType = sourcecode.swift; path = UsersInTourTableViewCell.swift; sourceTree = "<group>"; };
		29DDB29A1F22308900C749BD /* Comment.swift */ = {isa = PBXFileReference; fileEncoding = 4; lastKnownFileType = sourcecode.swift; path = Comment.swift; sourceTree = "<group>"; };
		29DDB29C1F2295A500C749BD /* TextFieldExtention.swift */ = {isa = PBXFileReference; fileEncoding = 4; lastKnownFileType = sourcecode.swift; path = TextFieldExtention.swift; sourceTree = "<group>"; };
		29F2B4D21F1FD384002448B5 /* TourProgect#1.app */ = {isa = PBXFileReference; explicitFileType = wrapper.application; includeInIndex = 0; path = "TourProgect#1.app"; sourceTree = BUILT_PRODUCTS_DIR; };
		29F2B4D51F1FD384002448B5 /* AppDelegate.swift */ = {isa = PBXFileReference; lastKnownFileType = sourcecode.swift; path = AppDelegate.swift; sourceTree = "<group>"; };
		29F2B4DA1F1FD384002448B5 /* Base */ = {isa = PBXFileReference; lastKnownFileType = file.storyboard; name = Base; path = Base.lproj/Main.storyboard; sourceTree = "<group>"; };
		29F2B4DD1F1FD384002448B5 /* TourProgect_1.xcdatamodel */ = {isa = PBXFileReference; lastKnownFileType = wrapper.xcdatamodel; path = TourProgect_1.xcdatamodel; sourceTree = "<group>"; };
		29F2B4DF1F1FD384002448B5 /* Assets.xcassets */ = {isa = PBXFileReference; lastKnownFileType = folder.assetcatalog; path = Assets.xcassets; sourceTree = "<group>"; };
		29F2B4E21F1FD384002448B5 /* Base */ = {isa = PBXFileReference; lastKnownFileType = file.storyboard; name = Base; path = Base.lproj/LaunchScreen.storyboard; sourceTree = "<group>"; };
		29F2B4E41F1FD384002448B5 /* Info.plist */ = {isa = PBXFileReference; lastKnownFileType = text.plist.xml; path = Info.plist; sourceTree = "<group>"; };
		29F2B4EA1F1FD3A1002448B5 /* Tours.swift */ = {isa = PBXFileReference; fileEncoding = 4; lastKnownFileType = sourcecode.swift; path = Tours.swift; sourceTree = "<group>"; };
		29F2B4EC1F1FD4E1002448B5 /* Event.swift */ = {isa = PBXFileReference; fileEncoding = 4; lastKnownFileType = sourcecode.swift; path = Event.swift; sourceTree = "<group>"; };
		29F2B4EE1F1FD56E002448B5 /* Tourist.swift */ = {isa = PBXFileReference; fileEncoding = 4; lastKnownFileType = sourcecode.swift; path = Tourist.swift; sourceTree = "<group>"; };
		29F2B4F01F1FD5F0002448B5 /* Organisator.swift */ = {isa = PBXFileReference; fileEncoding = 4; lastKnownFileType = sourcecode.swift; path = Organisator.swift; sourceTree = "<group>"; };
		7EF70205499406A08BDC9718 /* Pods_TourProgect_1.framework */ = {isa = PBXFileReference; explicitFileType = wrapper.framework; includeInIndex = 0; path = Pods_TourProgect_1.framework; sourceTree = BUILT_PRODUCTS_DIR; };
		84DAD1191F23673100D40A81 /* DataModel.swift */ = {isa = PBXFileReference; fileEncoding = 4; lastKnownFileType = sourcecode.swift; path = DataModel.swift; sourceTree = "<group>"; };
		A94BBFEB70683F01BCE0B206 /* Pods-TourProgect#1.debug.xcconfig */ = {isa = PBXFileReference; includeInIndex = 1; lastKnownFileType = text.xcconfig; name = "Pods-TourProgect#1.debug.xcconfig"; path = "Pods/Target Support Files/Pods-TourProgect#1/Pods-TourProgect#1.debug.xcconfig"; sourceTree = "<group>"; };
		F10001F68DA53C171F42DB1D /* Pods-TourProgect#1.release.xcconfig */ = {isa = PBXFileReference; includeInIndex = 1; lastKnownFileType = text.xcconfig; name = "Pods-TourProgect#1.release.xcconfig"; path = "Pods/Target Support Files/Pods-TourProgect#1/Pods-TourProgect#1.release.xcconfig"; sourceTree = "<group>"; };
/* End PBXFileReference section */

/* Begin PBXFrameworksBuildPhase section */
		29F2B4CF1F1FD384002448B5 /* Frameworks */ = {
			isa = PBXFrameworksBuildPhase;
			buildActionMask = 2147483647;
			files = (
				A43504365437978A30BAF53F /* Pods_TourProgect_1.framework in Frameworks */,
			);
			runOnlyForDeploymentPostprocessing = 0;
		};
/* End PBXFrameworksBuildPhase section */

/* Begin PBXGroup section */
		2928AD7D1F211D790050BBE8 /* Model */ = {
			isa = PBXGroup;
			children = (
				29F2B4EA1F1FD3A1002448B5 /* Tours.swift */,
				29F2B4EC1F1FD4E1002448B5 /* Event.swift */,
				29F2B4EE1F1FD56E002448B5 /* Tourist.swift */,
				29F2B4F01F1FD5F0002448B5 /* Organisator.swift */,
				29DDB29A1F22308900C749BD /* Comment.swift */,
			);
			name = Model;
			sourceTree = "<group>";
		};
		2928AD7E1F211D940050BBE8 /* 3Main */ = {
			isa = PBXGroup;
			children = (
				296C01C81F26300700B0624F /* ParentFirstViewController.swift */,
				2960AD4E1F20B209000633ED /* MyToursViewController.swift */,
				2928AD7A1F211AFA0050BBE8 /* MyTourTableViewCell.swift */,
				2928AD831F21370B0050BBE8 /* AllToursViewController.swift */,
				2928AD851F21372B0050BBE8 /* AllToursTableViewCell.swift */,
				2928AD871F21BE1E0050BBE8 /* ProfileViewController.swift */,
				296C01CE1F2630C000B0624F /* RecomendedViewController.swift */,
				296C01D01F2630D100B0624F /* RecomendedTableViewCell.swift */,
			);
			name = 3Main;
			sourceTree = "<group>";
		};
		2928AD7F1F211DA80050BBE8 /* Controllers */ = {
			isa = PBXGroup;
			children = (
				2960AD4C1F20ACAC000633ED /* LogInViewController.swift */,
				2928AD7E1F211D940050BBE8 /* 3Main */,
				29BED3571F2218A7004C3F87 /* TourDescription */,
			);
			name = Controllers;
			sourceTree = "<group>";
		};
		2928AD811F211DE60050BBE8 /* StoryBoard */ = {
			isa = PBXGroup;
			children = (
				29F2B4D91F1FD384002448B5 /* Main.storyboard */,
				29F2B4E11F1FD384002448B5 /* LaunchScreen.storyboard */,
			);
			name = StoryBoard;
			sourceTree = "<group>";
		};
		2928AD821F211E120050BBE8 /* SupportingFiles */ = {
			isa = PBXGroup;
			children = (
				29DDB29C1F2295A500C749BD /* TextFieldExtention.swift */,
				29F2B4D51F1FD384002448B5 /* AppDelegate.swift */,
				29F2B4DF1F1FD384002448B5 /* Assets.xcassets */,
				29F2B4E41F1FD384002448B5 /* Info.plist */,
				29F2B4DC1F1FD384002448B5 /* TourProgect_1.xcdatamodeld */,
			);
			name = SupportingFiles;
			sourceTree = "<group>";
		};
		29BED3571F2218A7004C3F87 /* TourDescription */ = {
			isa = PBXGroup;
			children = (
				296C01CA1F26301A00B0624F /* ParentSecondViewController.swift */,
				29BED3581F2218CB004C3F87 /* MapViewController.swift */,
				29BED35A1F221911004C3F87 /* UsersInTourViewController.swift */,
				29BED35C1F22192B004C3F87 /* UsersInTourTableViewCell.swift */,
				296C01CC1F2630A100B0624F /* DescriptionViewController.swift */,
			);
			name = TourDescription;
			sourceTree = "<group>";
		};
		29F2B4C91F1FD384002448B5 = {
			isa = PBXGroup;
			children = (
				29F2B4D41F1FD384002448B5 /* TourProgect#1 */,
				29F2B4D31F1FD384002448B5 /* Products */,
				4951608276DC745B30690CA5 /* Pods */,
				6696CB02F6DAA0D782221564 /* Frameworks */,
			);
			sourceTree = "<group>";
		};
		29F2B4D31F1FD384002448B5 /* Products */ = {
			isa = PBXGroup;
			children = (
				29F2B4D21F1FD384002448B5 /* TourProgect#1.app */,
			);
			name = Products;
			sourceTree = "<group>";
		};
		29F2B4D41F1FD384002448B5 /* TourProgect#1 */ = {
			isa = PBXGroup;
			children = (
				2928AD811F211DE60050BBE8 /* StoryBoard */,
				2928AD7D1F211D790050BBE8 /* Model */,
				2928AD7F1F211DA80050BBE8 /* Controllers */,
				2928AD821F211E120050BBE8 /* SupportingFiles */,
				84DAD1191F23673100D40A81 /* DataModel.swift */,
			);
			path = "TourProgect#1";
			sourceTree = "<group>";
		};
		4951608276DC745B30690CA5 /* Pods */ = {
			isa = PBXGroup;
			children = (
				A94BBFEB70683F01BCE0B206 /* Pods-TourProgect#1.debug.xcconfig */,
				F10001F68DA53C171F42DB1D /* Pods-TourProgect#1.release.xcconfig */,
			);
			name = Pods;
			sourceTree = "<group>";
		};
		6696CB02F6DAA0D782221564 /* Frameworks */ = {
			isa = PBXGroup;
			children = (
				7EF70205499406A08BDC9718 /* Pods_TourProgect_1.framework */,
			);
			name = Frameworks;
			sourceTree = "<group>";
		};
/* End PBXGroup section */

/* Begin PBXNativeTarget section */
		29F2B4D11F1FD384002448B5 /* TourProgect#1 */ = {
			isa = PBXNativeTarget;
			buildConfigurationList = 29F2B4E71F1FD384002448B5 /* Build configuration list for PBXNativeTarget "TourProgect#1" */;
			buildPhases = (
				36593770DFC0BC0B675A252E /* [CP] Check Pods Manifest.lock */,
				29F2B4CE1F1FD384002448B5 /* Sources */,
				29F2B4CF1F1FD384002448B5 /* Frameworks */,
				29F2B4D01F1FD384002448B5 /* Resources */,
				294E20501C8F034360654B79 /* [CP] Embed Pods Frameworks */,
				A7015A4EF59F02D2C4B1DB47 /* [CP] Copy Pods Resources */,
			);
			buildRules = (
			);
			dependencies = (
			);
			name = "TourProgect#1";
			productName = "TourProgect#1";
			productReference = 29F2B4D21F1FD384002448B5 /* TourProgect#1.app */;
			productType = "com.apple.product-type.application";
		};
/* End PBXNativeTarget section */

/* Begin PBXProject section */
		29F2B4CA1F1FD384002448B5 /* Project object */ = {
			isa = PBXProject;
			attributes = {
				LastSwiftUpdateCheck = 0830;
				LastUpgradeCheck = 0830;
				ORGANIZATIONNAME = "Pavlo Kharambura";
				TargetAttributes = {
					29F2B4D11F1FD384002448B5 = {
						CreatedOnToolsVersion = 8.3.3;
						ProvisioningStyle = Automatic;
					};
				};
			};
			buildConfigurationList = 29F2B4CD1F1FD384002448B5 /* Build configuration list for PBXProject "TourProgect#1" */;
			compatibilityVersion = "Xcode 3.2";
			developmentRegion = English;
			hasScannedForEncodings = 0;
			knownRegions = (
				en,
				Base,
			);
			mainGroup = 29F2B4C91F1FD384002448B5;
			productRefGroup = 29F2B4D31F1FD384002448B5 /* Products */;
			projectDirPath = "";
			projectRoot = "";
			targets = (
				29F2B4D11F1FD384002448B5 /* TourProgect#1 */,
			);
		};
/* End PBXProject section */

/* Begin PBXResourcesBuildPhase section */
		29F2B4D01F1FD384002448B5 /* Resources */ = {
			isa = PBXResourcesBuildPhase;
			buildActionMask = 2147483647;
			files = (
				29F2B4E31F1FD384002448B5 /* LaunchScreen.storyboard in Resources */,
				29F2B4E01F1FD384002448B5 /* Assets.xcassets in Resources */,
				29F2B4DB1F1FD384002448B5 /* Main.storyboard in Resources */,
			);
			runOnlyForDeploymentPostprocessing = 0;
		};
/* End PBXResourcesBuildPhase section */

/* Begin PBXShellScriptBuildPhase section */
		294E20501C8F034360654B79 /* [CP] Embed Pods Frameworks */ = {
			isa = PBXShellScriptBuildPhase;
			buildActionMask = 2147483647;
			files = (
			);
			inputPaths = (
			);
			name = "[CP] Embed Pods Frameworks";
			outputPaths = (
			);
			runOnlyForDeploymentPostprocessing = 0;
			shellPath = /bin/sh;
			shellScript = "\"${SRCROOT}/Pods/Target Support Files/Pods-TourProgect#1/Pods-TourProgect#1-frameworks.sh\"\n";
			showEnvVarsInLog = 0;
		};
		36593770DFC0BC0B675A252E /* [CP] Check Pods Manifest.lock */ = {
			isa = PBXShellScriptBuildPhase;
			buildActionMask = 2147483647;
			files = (
			);
			inputPaths = (
			);
			name = "[CP] Check Pods Manifest.lock";
			outputPaths = (
			);
			runOnlyForDeploymentPostprocessing = 0;
			shellPath = /bin/sh;
			shellScript = "diff \"${PODS_PODFILE_DIR_PATH}/Podfile.lock\" \"${PODS_ROOT}/Manifest.lock\" > /dev/null\nif [ $? != 0 ] ; then\n    # print error to STDERR\n    echo \"error: The sandbox is not in sync with the Podfile.lock. Run 'pod install' or update your CocoaPods installation.\" >&2\n    exit 1\nfi\n";
			showEnvVarsInLog = 0;
		};
		A7015A4EF59F02D2C4B1DB47 /* [CP] Copy Pods Resources */ = {
			isa = PBXShellScriptBuildPhase;
			buildActionMask = 2147483647;
			files = (
			);
			inputPaths = (
			);
			name = "[CP] Copy Pods Resources";
			outputPaths = (
			);
			runOnlyForDeploymentPostprocessing = 0;
			shellPath = /bin/sh;
			shellScript = "\"${SRCROOT}/Pods/Target Support Files/Pods-TourProgect#1/Pods-TourProgect#1-resources.sh\"\n";
			showEnvVarsInLog = 0;
		};
/* End PBXShellScriptBuildPhase section */

/* Begin PBXSourcesBuildPhase section */
		29F2B4CE1F1FD384002448B5 /* Sources */ = {
			isa = PBXSourcesBuildPhase;
			buildActionMask = 2147483647;
			files = (
				29F2B4ED1F1FD4E1002448B5 /* Event.swift in Sources */,
				296C01D11F2630D100B0624F /* RecomendedTableViewCell.swift in Sources */,
				29F2B4F11F1FD5F0002448B5 /* Organisator.swift in Sources */,
				2928AD841F21370B0050BBE8 /* AllToursViewController.swift in Sources */,
				2928AD861F21372B0050BBE8 /* AllToursTableViewCell.swift in Sources */,
				2928AD7B1F211AFA0050BBE8 /* MyTourTableViewCell.swift in Sources */,
				296C01C91F26300700B0624F /* ParentFirstViewController.swift in Sources */,
				29F2B4D61F1FD384002448B5 /* AppDelegate.swift in Sources */,
				29BED3591F2218CB004C3F87 /* MapViewController.swift in Sources */,
				2928AD881F21BE1E0050BBE8 /* ProfileViewController.swift in Sources */,
				29DDB29D1F2295A500C749BD /* TextFieldExtention.swift in Sources */,
				2960AD4D1F20ACAC000633ED /* LogInViewController.swift in Sources */,
				2960AD4F1F20B209000633ED /* MyToursViewController.swift in Sources */,
				296C01CB1F26301A00B0624F /* ParentSecondViewController.swift in Sources */,
				29BED35B1F221911004C3F87 /* UsersInTourViewController.swift in Sources */,
				29F2B4EB1F1FD3A1002448B5 /* Tours.swift in Sources */,
				296C01CD1F2630A100B0624F /* DescriptionViewController.swift in Sources */,
				296C01CF1F2630C000B0624F /* RecomendedViewController.swift in Sources */,
				29BED35D1F22192B004C3F87 /* UsersInTourTableViewCell.swift in Sources */,
				29DDB29B1F22308900C749BD /* Comment.swift in Sources */,
				29F2B4EF1F1FD56E002448B5 /* Tourist.swift in Sources */,
				29F2B4DE1F1FD384002448B5 /* TourProgect_1.xcdatamodeld in Sources */,
				84DAD11A1F23673100D40A81 /* DataModel.swift in Sources */,
			);
			runOnlyForDeploymentPostprocessing = 0;
		};
/* End PBXSourcesBuildPhase section */

/* Begin PBXVariantGroup section */
		29F2B4D91F1FD384002448B5 /* Main.storyboard */ = {
			isa = PBXVariantGroup;
			children = (
				29F2B4DA1F1FD384002448B5 /* Base */,
			);
			name = Main.storyboard;
			sourceTree = "<group>";
		};
		29F2B4E11F1FD384002448B5 /* LaunchScreen.storyboard */ = {
			isa = PBXVariantGroup;
			children = (
				29F2B4E21F1FD384002448B5 /* Base */,
			);
			name = LaunchScreen.storyboard;
			sourceTree = "<group>";
		};
/* End PBXVariantGroup section */

/* Begin XCBuildConfiguration section */
		29F2B4E51F1FD384002448B5 /* Debug */ = {
			isa = XCBuildConfiguration;
			buildSettings = {
				ALWAYS_SEARCH_USER_PATHS = NO;
				CLANG_ANALYZER_NONNULL = YES;
				CLANG_ANALYZER_NUMBER_OBJECT_CONVERSION = YES_AGGRESSIVE;
				CLANG_CXX_LANGUAGE_STANDARD = "gnu++0x";
				CLANG_CXX_LIBRARY = "libc++";
				CLANG_ENABLE_MODULES = YES;
				CLANG_ENABLE_OBJC_ARC = YES;
				CLANG_WARN_BOOL_CONVERSION = YES;
				CLANG_WARN_CONSTANT_CONVERSION = YES;
				CLANG_WARN_DIRECT_OBJC_ISA_USAGE = YES_ERROR;
				CLANG_WARN_DOCUMENTATION_COMMENTS = YES;
				CLANG_WARN_EMPTY_BODY = YES;
				CLANG_WARN_ENUM_CONVERSION = YES;
				CLANG_WARN_INFINITE_RECURSION = YES;
				CLANG_WARN_INT_CONVERSION = YES;
				CLANG_WARN_OBJC_ROOT_CLASS = YES_ERROR;
				CLANG_WARN_SUSPICIOUS_MOVE = YES;
				CLANG_WARN_UNREACHABLE_CODE = YES;
				CLANG_WARN__DUPLICATE_METHOD_MATCH = YES;
				"CODE_SIGN_IDENTITY[sdk=iphoneos*]" = "iPhone Developer";
				COPY_PHASE_STRIP = NO;
				DEBUG_INFORMATION_FORMAT = dwarf;
				ENABLE_STRICT_OBJC_MSGSEND = YES;
				ENABLE_TESTABILITY = YES;
				GCC_C_LANGUAGE_STANDARD = gnu99;
				GCC_DYNAMIC_NO_PIC = NO;
				GCC_NO_COMMON_BLOCKS = YES;
				GCC_OPTIMIZATION_LEVEL = 0;
				GCC_PREPROCESSOR_DEFINITIONS = (
					"DEBUG=1",
					"$(inherited)",
				);
				GCC_WARN_64_TO_32_BIT_CONVERSION = YES;
				GCC_WARN_ABOUT_RETURN_TYPE = YES_ERROR;
				GCC_WARN_UNDECLARED_SELECTOR = YES;
				GCC_WARN_UNINITIALIZED_AUTOS = YES_AGGRESSIVE;
				GCC_WARN_UNUSED_FUNCTION = YES;
				GCC_WARN_UNUSED_VARIABLE = YES;
				IPHONEOS_DEPLOYMENT_TARGET = 10.3;
				MTL_ENABLE_DEBUG_INFO = YES;
				ONLY_ACTIVE_ARCH = YES;
				SDKROOT = iphoneos;
				SWIFT_ACTIVE_COMPILATION_CONDITIONS = DEBUG;
				SWIFT_OPTIMIZATION_LEVEL = "-Onone";
				TARGETED_DEVICE_FAMILY = "1,2";
			};
			name = Debug;
		};
		29F2B4E61F1FD384002448B5 /* Release */ = {
			isa = XCBuildConfiguration;
			buildSettings = {
				ALWAYS_SEARCH_USER_PATHS = NO;
				CLANG_ANALYZER_NONNULL = YES;
				CLANG_ANALYZER_NUMBER_OBJECT_CONVERSION = YES_AGGRESSIVE;
				CLANG_CXX_LANGUAGE_STANDARD = "gnu++0x";
				CLANG_CXX_LIBRARY = "libc++";
				CLANG_ENABLE_MODULES = YES;
				CLANG_ENABLE_OBJC_ARC = YES;
				CLANG_WARN_BOOL_CONVERSION = YES;
				CLANG_WARN_CONSTANT_CONVERSION = YES;
				CLANG_WARN_DIRECT_OBJC_ISA_USAGE = YES_ERROR;
				CLANG_WARN_DOCUMENTATION_COMMENTS = YES;
				CLANG_WARN_EMPTY_BODY = YES;
				CLANG_WARN_ENUM_CONVERSION = YES;
				CLANG_WARN_INFINITE_RECURSION = YES;
				CLANG_WARN_INT_CONVERSION = YES;
				CLANG_WARN_OBJC_ROOT_CLASS = YES_ERROR;
				CLANG_WARN_SUSPICIOUS_MOVE = YES;
				CLANG_WARN_UNREACHABLE_CODE = YES;
				CLANG_WARN__DUPLICATE_METHOD_MATCH = YES;
				"CODE_SIGN_IDENTITY[sdk=iphoneos*]" = "iPhone Developer";
				COPY_PHASE_STRIP = NO;
				DEBUG_INFORMATION_FORMAT = "dwarf-with-dsym";
				ENABLE_NS_ASSERTIONS = NO;
				ENABLE_STRICT_OBJC_MSGSEND = YES;
				GCC_C_LANGUAGE_STANDARD = gnu99;
				GCC_NO_COMMON_BLOCKS = YES;
				GCC_WARN_64_TO_32_BIT_CONVERSION = YES;
				GCC_WARN_ABOUT_RETURN_TYPE = YES_ERROR;
				GCC_WARN_UNDECLARED_SELECTOR = YES;
				GCC_WARN_UNINITIALIZED_AUTOS = YES_AGGRESSIVE;
				GCC_WARN_UNUSED_FUNCTION = YES;
				GCC_WARN_UNUSED_VARIABLE = YES;
				IPHONEOS_DEPLOYMENT_TARGET = 10.3;
				MTL_ENABLE_DEBUG_INFO = NO;
				SDKROOT = iphoneos;
				SWIFT_OPTIMIZATION_LEVEL = "-Owholemodule";
				TARGETED_DEVICE_FAMILY = "1,2";
				VALIDATE_PRODUCT = YES;
			};
			name = Release;
		};
		29F2B4E81F1FD384002448B5 /* Debug */ = {
			isa = XCBuildConfiguration;
			baseConfigurationReference = A94BBFEB70683F01BCE0B206 /* Pods-TourProgect#1.debug.xcconfig */;
			buildSettings = {
				ASSETCATALOG_COMPILER_APPICON_NAME = AppIcon;
				INFOPLIST_FILE = "TourProgect#1/Info.plist";
				LD_RUNPATH_SEARCH_PATHS = "$(inherited) @executable_path/Frameworks";
				NEW_SETTING = "";
				PRODUCT_BUNDLE_IDENTIFIER = "pasha.TourProgect-1";
				PRODUCT_NAME = "$(TARGET_NAME)";
				SWIFT_OBJC_BRIDGING_HEADER = "Pods/Backendless/SDK/ios/backendless/include/Backendless-Bridging-Header.h";
				SWIFT_VERSION = 3.0;
			};
			name = Debug;
		};
		29F2B4E91F1FD384002448B5 /* Release */ = {
			isa = XCBuildConfiguration;
			baseConfigurationReference = F10001F68DA53C171F42DB1D /* Pods-TourProgect#1.release.xcconfig */;
			buildSettings = {
				ASSETCATALOG_COMPILER_APPICON_NAME = AppIcon;
				INFOPLIST_FILE = "TourProgect#1/Info.plist";
				LD_RUNPATH_SEARCH_PATHS = "$(inherited) @executable_path/Frameworks";
				NEW_SETTING = "";
				PRODUCT_BUNDLE_IDENTIFIER = "pasha.TourProgect-1";
				PRODUCT_NAME = "$(TARGET_NAME)";
				SWIFT_OBJC_BRIDGING_HEADER = "Pods/Backendless/SDK/ios/backendless/include/Backendless-Bridging-Header.h";
				SWIFT_VERSION = 3.0;
			};
			name = Release;
		};
/* End XCBuildConfiguration section */

/* Begin XCConfigurationList section */
		29F2B4CD1F1FD384002448B5 /* Build configuration list for PBXProject "TourProgect#1" */ = {
			isa = XCConfigurationList;
			buildConfigurations = (
				29F2B4E51F1FD384002448B5 /* Debug */,
				29F2B4E61F1FD384002448B5 /* Release */,
			);
			defaultConfigurationIsVisible = 0;
			defaultConfigurationName = Release;
		};
		29F2B4E71F1FD384002448B5 /* Build configuration list for PBXNativeTarget "TourProgect#1" */ = {
			isa = XCConfigurationList;
			buildConfigurations = (
				29F2B4E81F1FD384002448B5 /* Debug */,
				29F2B4E91F1FD384002448B5 /* Release */,
			);
			defaultConfigurationIsVisible = 0;
			defaultConfigurationName = Release;
		};
/* End XCConfigurationList section */

/* Begin XCVersionGroup section */
		29F2B4DC1F1FD384002448B5 /* TourProgect_1.xcdatamodeld */ = {
			isa = XCVersionGroup;
			children = (
				29F2B4DD1F1FD384002448B5 /* TourProgect_1.xcdatamodel */,
			);
			currentVersion = 29F2B4DD1F1FD384002448B5 /* TourProgect_1.xcdatamodel */;
			path = TourProgect_1.xcdatamodeld;
			sourceTree = "<group>";
			versionGroupType = wrapper.xcdatamodel;
		};
/* End XCVersionGroup section */
	};
	rootObject = 29F2B4CA1F1FD384002448B5 /* Project object */;
}
